
Microsoft Visual Studio Solution File, Format Version 12.00
# Visual Studio Version 16
VisualStudioVersion = 16.0.31321.278
MinimumVisualStudioVersion = 10.0.40219.1
Project("{9A19103F-16F7-4668-BE54-9A1E7A4F7556}") = "TarjetasApp", "TarjetasApp.csproj", "{38B7A290-B99C-4D28-B2ED-B3CDCE3C5AFD}"
EndProject
Project("{FAE04EC0-301F-11D3-BF4B-00C04F79EFBC}") = "TarjetasApp.UnitTest", "..\TarjetasApp.UnitTest\TarjetasApp.UnitTest.csproj", "{5A2654C0-8F98-467F-BDDB-5D19FE01D38B}"
	ProjectSection(ProjectDependencies) = postProject
		{38B7A290-B99C-4D28-B2ED-B3CDCE3C5AFD} = {38B7A290-B99C-4D28-B2ED-B3CDCE3C5AFD}
	EndProjectSection
EndProject
Global
	GlobalSection(SolutionConfigurationPlatforms) = preSolution
		Debug|Any CPU = Debug|Any CPU
		Release|Any CPU = Release|Any CPU
	EndGlobalSection
	GlobalSection(ProjectConfigurationPlatforms) = postSolution
		{38B7A290-B99C-4D28-B2ED-B3CDCE3C5AFD}.Debug|Any CPU.ActiveCfg = Debug|Any CPU
		{38B7A290-B99C-4D28-B2ED-B3CDCE3C5AFD}.Debug|Any CPU.Build.0 = Debug|Any CPU
		{38B7A290-B99C-4D28-B2ED-B3CDCE3C5AFD}.Release|Any CPU.ActiveCfg = Release|Any CPU
		{38B7A290-B99C-4D28-B2ED-B3CDCE3C5AFD}.Release|Any CPU.Build.0 = Release|Any CPU
		{5A2654C0-8F98-467F-BDDB-5D19FE01D38B}.Debug|Any CPU.ActiveCfg = Debug|Any CPU
		{5A2654C0-8F98-467F-BDDB-5D19FE01D38B}.Debug|Any CPU.Build.0 = Debug|Any CPU
		{5A2654C0-8F98-467F-BDDB-5D19FE01D38B}.Release|Any CPU.ActiveCfg = Release|Any CPU
		{5A2654C0-8F98-467F-BDDB-5D19FE01D38B}.Release|Any CPU.Build.0 = Release|Any CPU
	EndGlobalSection
	GlobalSection(SolutionProperties) = preSolution
		HideSolutionNode = FALSE
	EndGlobalSection
	GlobalSection(ExtensibilityGlobals) = postSolution
		SolutionGuid = {6278C1F3-B45D-4ECD-9167-E4276520D53D}
	EndGlobalSection
EndGlobal
